// !$*UTF8*$!
{
	archiveVersion = 1;
	classes = {
	};
	objectVersion = 46;
	objects = {

/* Begin PBXBuildFile section */
		5E475AF71675F7CB008C3699 /* Foundation.framework in Frameworks */ = {isa = PBXBuildFile; fileRef = 5E475AF61675F7CB008C3699 /* Foundation.framework */; };
		5E475AFA1675F7CB008C3699 /* main.m in Sources */ = {isa = PBXBuildFile; fileRef = 5E475AF91675F7CB008C3699 /* main.m */; };
		5E475AFE1675F7CB008C3699 /* StripAlphaIfNeeded.1 in CopyFiles */ = {isa = PBXBuildFile; fileRef = 5E475AFD1675F7CB008C3699 /* StripAlphaIfNeeded.1 */; };
		5E475B1116760150008C3699 /* ApplicationServices.framework in Frameworks */ = {isa = PBXBuildFile; fileRef = 5E475B1016760150008C3699 /* ApplicationServices.framework */; };
/* End PBXBuildFile section */

/* Begin PBXCopyFilesBuildPhase section */
		5E475AF01675F7CB008C3699 /* CopyFiles */ = {
			isa = PBXCopyFilesBuildPhase;
			buildActionMask = 2147483647;
			dstPath = /usr/share/man/man1/;
			dstSubfolderSpec = 0;
			files = (
				5E475AFE1675F7CB008C3699 /* StripAlphaIfNeeded.1 in CopyFiles */,
			);
			runOnlyForDeploymentPostprocessing = 1;
		};
/* End PBXCopyFilesBuildPhase section */

/* Begin PBXFileReference section */
		5E475AF21675F7CB008C3699 /* UsesAlpha */ = {isa = PBXFileReference; explicitFileType = "compiled.mach-o.executable"; includeInIndex = 0; path = UsesAlpha; sourceTree = BUILT_PRODUCTS_DIR; };
		5E475AF61675F7CB008C3699 /* Foundation.framework */ = {isa = PBXFileReference; lastKnownFileType = wrapper.framework; name = Foundation.framework; path = System/Library/Frameworks/Foundation.framework; sourceTree = SDKROOT; };
		5E475AF91675F7CB008C3699 /* main.m */ = {isa = PBXFileReference; lastKnownFileType = sourcecode.c.objc; path = main.m; sourceTree = "<group>"; };
		5E475AFC1675F7CB008C3699 /* UsesAlpha-Prefix.pch */ = {isa = PBXFileReference; lastKnownFileType = sourcecode.c.h; path = "UsesAlpha-Prefix.pch"; sourceTree = "<group>"; };
		5E475AFD1675F7CB008C3699 /* StripAlphaIfNeeded.1 */ = {isa = PBXFileReference; lastKnownFileType = text.man; path = StripAlphaIfNeeded.1; sourceTree = "<group>"; };
		5E475B1016760150008C3699 /* ApplicationServices.framework */ = {isa = PBXFileReference; lastKnownFileType = wrapper.framework; name = ApplicationServices.framework; path = System/Library/Frameworks/ApplicationServices.framework; sourceTree = SDKROOT; };
		5E475B171676282D008C3699 /* README.md */ = {isa = PBXFileReference; fileEncoding = 4; lastKnownFileType = text; path = README.md; sourceTree = SOURCE_ROOT; };
/* End PBXFileReference section */

/* Begin PBXFrameworksBuildPhase section */
		5E475AEF1675F7CB008C3699 /* Frameworks */ = {
			isa = PBXFrameworksBuildPhase;
			buildActionMask = 2147483647;
			files = (
				5E475B1116760150008C3699 /* ApplicationServices.framework in Frameworks */,
				5E475AF71675F7CB008C3699 /* Foundation.framework in Frameworks */,
			);
			runOnlyForDeploymentPostprocessing = 0;
		};
/* End PBXFrameworksBuildPhase section */

/* Begin PBXGroup section */
		5E475AE71675F7CB008C3699 = {
			isa = PBXGroup;
			children = (
				5E475B171676282D008C3699 /* README.md */,
				5E475AF81675F7CB008C3699 /* UsesAlpha */,
				5E475AF51675F7CB008C3699 /* Frameworks */,
				5E475AF31675F7CB008C3699 /* Products */,
			);
			sourceTree = "<group>";
		};
		5E475AF31675F7CB008C3699 /* Products */ = {
			isa = PBXGroup;
			children = (
				5E475AF21675F7CB008C3699 /* UsesAlpha */,
			);
			name = Products;
			sourceTree = "<group>";
		};
		5E475AF51675F7CB008C3699 /* Frameworks */ = {
			isa = PBXGroup;
			children = (
				5E475B1016760150008C3699 /* ApplicationServices.framework */,
				5E475AF61675F7CB008C3699 /* Foundation.framework */,
			);
			name = Frameworks;
			sourceTree = "<group>";
		};
		5E475AF81675F7CB008C3699 /* UsesAlpha */ = {
			isa = PBXGroup;
			children = (
				5E475AF91675F7CB008C3699 /* main.m */,
				5E475AFD1675F7CB008C3699 /* StripAlphaIfNeeded.1 */,
				5E475AFB1675F7CB008C3699 /* Supporting Files */,
			);
			name = UsesAlpha;
			path = StripAlphaIfNeeded;
			sourceTree = "<group>";
		};
		5E475AFB1675F7CB008C3699 /* Supporting Files */ = {
			isa = PBXGroup;
			children = (
				5E475AFC1675F7CB008C3699 /* UsesAlpha-Prefix.pch */,
			);
			name = "Supporting Files";
			sourceTree = "<group>";
		};
/* End PBXGroup section */

/* Begin PBXNativeTarget section */
		5E475AF11675F7CB008C3699 /* UsesAlpha */ = {
			isa = PBXNativeTarget;
			buildConfigurationList = 5E475B011675F7CB008C3699 /* Build configuration list for PBXNativeTarget "UsesAlpha" */;
			buildPhases = (
				5E475AEE1675F7CB008C3699 /* Sources */,
				5E475AEF1675F7CB008C3699 /* Frameworks */,
				5E475AF01675F7CB008C3699 /* CopyFiles */,
			);
			buildRules = (
			);
			dependencies = (
			);
			name = UsesAlpha;
			productName = StripAlphaIfNeeded;
			productReference = 5E475AF21675F7CB008C3699 /* UsesAlpha */;
			productType = "com.apple.product-type.tool";
		};
/* End PBXNativeTarget section */

/* Begin PBXProject section */
		5E475AE91675F7CB008C3699 /* Project object */ = {
			isa = PBXProject;
			attributes = {
				LastUpgradeCheck = 0450;
				ORGANIZATIONNAME = "Foxtrot Studios";
			};
			buildConfigurationList = 5E475AEC1675F7CB008C3699 /* Build configuration list for PBXProject "UsesAlpha" */;
			compatibilityVersion = "Xcode 3.2";
			developmentRegion = English;
			hasScannedForEncodings = 0;
			knownRegions = (
				en,
			);
			mainGroup = 5E475AE71675F7CB008C3699;
			productRefGroup = 5E475AF31675F7CB008C3699 /* Products */;
			projectDirPath = "";
			projectRoot = "";
			targets = (
				5E475AF11675F7CB008C3699 /* UsesAlpha */,
			);
		};
/* End PBXProject section */

/* Begin PBXSourcesBuildPhase section */
		5E475AEE1675F7CB008C3699 /* Sources */ = {
			isa = PBXSourcesBuildPhase;
			buildActionMask = 2147483647;
			files = (
				5E475AFA1675F7CB008C3699 /* main.m in Sources */,
			);
			runOnlyForDeploymentPostprocessing = 0;
		};
/* End PBXSourcesBuildPhase section */

/* Begin XCBuildConfiguration section */
		5E475AFF1675F7CB008C3699 /* Debug */ = {
			isa = XCBuildConfiguration;
			buildSettings = {
				ALWAYS_SEARCH_USER_PATHS = NO;
				ARCHS = "$(ARCHS_STANDARD_64_BIT)";
				CLANG_CXX_LANGUAGE_STANDARD = "gnu++0x";
				CLANG_CXX_LIBRARY = "libc++";
				CLANG_ENABLE_OBJC_ARC = YES;
				CLANG_WARN_EMPTY_BODY = YES;
				CLANG_WARN__DUPLICATE_METHOD_MATCH = YES;
				COPY_PHASE_STRIP = NO;
				GCC_C_LANGUAGE_STANDARD = gnu99;
				GCC_DYNAMIC_NO_PIC = NO;
				GCC_ENABLE_OBJC_EXCEPTIONS = YES;
				GCC_OPTIMIZATION_LEVEL = 0;
				GCC_PREPROCESSOR_DEFINITIONS = (
					"DEBUG=1",
					"$(inherited)",
				);
				GCC_SYMBOLS_PRIVATE_EXTERN = NO;
				GCC_WARN_64_TO_32_BIT_CONVERSION = YES;
				GCC_WARN_ABOUT_RETURN_TYPE = YES;
				GCC_WARN_UNINITIALIZED_AUTOS = YES;
				GCC_WARN_UNUSED_VARIABLE = YES;
				MACOSX_DEPLOYMENT_TARGET = 10.8;
				ONLY_ACTIVE_ARCH = YES;
				SDKROOT = macosx;
			};
			name = Debug;
		};
		5E475B001675F7CB008C3699 /* Release */ = {
			isa = XCBuildConfiguration;
			buildSettings = {
				ALWAYS_SEARCH_USER_PATHS = NO;
				ARCHS = "$(ARCHS_STANDARD_64_BIT)";
				CLANG_CXX_LANGUAGE_STANDARD = "gnu++0x";
				CLANG_CXX_LIBRARY = "libc++";
				CLANG_ENABLE_OBJC_ARC = YES;
				CLANG_WARN_EMPTY_BODY = YES;
				CLANG_WARN__DUPLICATE_METHOD_MATCH = YES;
				COPY_PHASE_STRIP = YES;
				DEBUG_INFORMATION_FORMAT = "dwarf-with-dsym";
				GCC_C_LANGUAGE_STANDARD = gnu99;
				GCC_ENABLE_OBJC_EXCEPTIONS = YES;
				GCC_WARN_64_TO_32_BIT_CONVERSION = YES;
				GCC_WARN_ABOUT_RETURN_TYPE = YES;
				GCC_WARN_UNINITIALIZED_AUTOS = YES;
				GCC_WARN_UNUSED_VARIABLE = YES;
				MACOSX_DEPLOYMENT_TARGET = 10.8;
				SDKROOT = macosx;
			};
			name = Release;
		};
		5E475B021675F7CB008C3699 /* Debug */ = {
			isa = XCBuildConfiguration;
			buildSettings = {
				GCC_PRECOMPILE_PREFIX_HEADER = YES;
				GCC_PREFIX_HEADER = "StripAlphaIfNeeded/UsesAlpha-Prefix.pch";
				PRODUCT_NAME = UsesAlpha;
			};
			name = Debug;
		};
		5E475B031675F7CB008C3699 /* Release */ = {
			isa = XCBuildConfiguration;
			buildSettings = {
				GCC_PRECOMPILE_PREFIX_HEADER = YES;
				GCC_PREFIX_HEADER = "StripAlphaIfNeeded/UsesAlpha-Prefix.pch";
				PRODUCT_NAME = UsesAlpha;
			};
			name = Release;
		};
/* End XCBuildConfiguration section */

/* Begin XCConfigurationList section */
		5E475AEC1675F7CB008C3699 /* Build configuration list for PBXProject "UsesAlpha" */ = {
			isa = XCConfigurationList;
			buildConfigurations = (
				5E475AFF1675F7CB008C3699 /* Debug */,
				5E475B001675F7CB008C3699 /* Release */,
			);
			defaultConfigurationIsVisible = 0;
			defaultConfigurationName = Release;
		};
		5E475B011675F7CB008C3699 /* Build configuration list for PBXNativeTarget "UsesAlpha" */ = {
			isa = XCConfigurationList;
			buildConfigurations = (
				5E475B021675F7CB008C3699 /* Debug */,
				5E475B031675F7CB008C3699 /* Release */,
			);
			defaultConfigurationIsVisible = 0;
			defaultConfigurationName = Release;
		};
/* End XCConfigurationList section */
	};
	rootObject = 5E475AE91675F7CB008C3699 /* Project object */;
}
